
Microsoft Visual Studio Solution File, Format Version 12.00
# Visual Studio 15
Project("{FAE04EC0-301F-11D3-BF4B-00C04F79EFBC}") = "rpm-ms-dc", "rpm-ms-dc\rpm-ms-dc.csproj", "{070AA31B-E927-4253-8A86-5F53AB5D6796}"
EndProject
Global
	GlobalSection(SolutionConfigurationPlatforms) = preSolution
		Debug|Any CPU = Debug|Any CPU
		Release|Any CPU = Release|Any CPU
	EndGlobalSection
	GlobalSection(ProjectConfigurationPlatforms) = postSolution
		{070AA31B-E927-4253-8A86-5F53AB5D6796}.Debug|Any CPU.ActiveCfg = Debug|Any CPU
		{070AA31B-E927-4253-8A86-5F53AB5D6796}.Debug|Any CPU.Build.0 = Debug|Any CPU
		{070AA31B-E927-4253-8A86-5F53AB5D6796}.Release|Any CPU.ActiveCfg = Release|Any CPU
		{070AA31B-E927-4253-8A86-5F53AB5D6796}.Release|Any CPU.Build.0 = Release|Any CPU
	EndGlobalSection
EndGlobal
